
Microsoft Visual Studio Solution File, Format Version 12.00
# Visual Studio Version 17
VisualStudioVersion = 17.5.002.0
MinimumVisualStudioVersion = 10.0.40219.1
Project("{2150E333-8FDC-42A3-9474-1A3956D46DE8}") = "src", "src", "{A32A02FD-2F1F-4528-912E-4B49FD6C10C7}"
EndProject
Project("{9A19103F-16F7-4668-BE54-9A1E7A4F7556}") = "ChatApp", "src\ChatApp\ChatApp.csproj", "{49FA705C-0B39-45D1-A31B-1CC25E246157}"
EndProject
Global
	GlobalSection(SolutionConfigurationPlatforms) = preSolution
		Debug|Any CPU = Debug|Any CPU
		Release|Any CPU = Release|Any CPU
	EndGlobalSection
	GlobalSection(ProjectConfigurationPlatforms) = postSolution
		{49FA705C-0B39-45D1-A31B-1CC25E246157}.Debug|Any CPU.ActiveCfg = Debug|Any CPU
		{49FA705C-0B39-45D1-A31B-1CC25E246157}.Debug|Any CPU.Build.0 = Debug|Any CPU
		{49FA705C-0B39-45D1-A31B-1CC25E246157}.Release|Any CPU.ActiveCfg = Release|Any CPU
		{49FA705C-0B39-45D1-A31B-1CC25E246157}.Release|Any CPU.Build.0 = Release|Any CPU
	EndGlobalSection
	GlobalSection(SolutionProperties) = preSolution
		HideSolutionNode = FALSE
	EndGlobalSection
	GlobalSection(NestedProjects) = preSolution
		{49FA705C-0B39-45D1-A31B-1CC25E246157} = {A32A02FD-2F1F-4528-912E-4B49FD6C10C7}
	EndGlobalSection
	GlobalSection(ExtensibilityGlobals) = postSolution
		SolutionGuid = {86E45E21-C4E4-4859-8222-650A739B9531}
	EndGlobalSection
EndGlobal
